<?xml version="1.0" encoding="utf-8"?>
<Project ToolsVersion="4.0" xmlns="http://schemas.microsoft.com/developer/msbuild/2003">
  <ItemGroup>
    <Filter Include="Source Files">
      <UniqueIdentifier>{70aac6d4-0f2b-4ebf-a24e-35ef835bb8a8}</UniqueIdentifier>
      <Extensions>cpp;c;cxx;rc;def;r;odl;idl;hpj;bat</Extensions>
    </Filter>
    <Filter Include="Header Files">
      <UniqueIdentifier>{29091cda-64ec-451e-8f8c-2c5b471c15d9}</UniqueIdentifier>
      <Extensions>h;hpp;hxx;hm;inl</Extensions>
    </Filter>
  </ItemGroup>
  <ItemGroup>
    <ClCompile Include="ITUdpSocket.cpp">
      <Filter>Source Files</Filter>
    </ClCompile>
    <ClCompile Include="SocketClient.cpp">
      <Filter>Source Files</Filter>
    </ClCompile>
    <ClCompile Include="SocketConnection.cpp">
      <Filter>Source Files</Filter>
    </ClCompile>
    <ClCompile Include="sockhead.cpp">
      <Filter>Source Files</Filter>
    </ClCompile>
    <ClCompile Include="SockUtil.cpp">
      <Filter>Source Files</Filter>
    </ClCompile>
    <ClCompile Include="UdpSocket.cpp">
      <Filter>Source Files</Filter>
    </ClCompile>
  </ItemGroup>
  <ItemGroup>
    <ClInclude Include="ITUdpSocket.h">
      <Filter>Header Files</Filter>
    </ClInclude>
    <ClInclude Include="NonWinType.h">
      <Filter>Header Files</Filter>
    </ClInclude>
    <ClInclude Include="SocketClient.h">
      <Filter>Header Files</Filter>
    </ClInclude>
    <ClInclude Include="SocketConnection.h">
      <Filter>Header Files</Filter>
    </ClInclude>
    <ClInclude Include="SocketRendezvous.h">
      <Filter>Header Files</Filter>
    </ClInclude>
    <ClInclude Include="SocketServer.h">
      <Filter>Header Files</Filter>
    </ClInclude>
    <ClInclude Include="sockhead.h">
      <Filter>Header Files</Filter>
    </ClInclude>
    <ClInclude Include="SockUtil.h">
      <Filter>Header Files</Filter>
    </ClInclude>
    <ClInclude Include="winerrno.h">
      <Filter>Header Files</Filter>
    </ClInclude>
  </ItemGroup>
  <ItemGroup>
    <Text Include="ReleaseNote.txt" />
  </ItemGroup>
</Project>