<?xml version="1.0" encoding="utf-8"?>
<Project ToolsVersion="4.0" xmlns="http://schemas.microsoft.com/developer/msbuild/2003">
  <ItemGroup>
    <Filter Include="Source Files">
      <UniqueIdentifier>{4FC737F1-C7A5-4376-A066-2A32D752A2FF}</UniqueIdentifier>
      <Extensions>cpp;c;cc;cxx;def;odl;idl;hpj;bat;asm;asmx</Extensions>
    </Filter>
    <Filter Include="Header Files">
      <UniqueIdentifier>{93995380-89BD-4b04-88EB-625FBE52EBFB}</UniqueIdentifier>
      <Extensions>h;hh;hpp;hxx;hm;inl;inc;xsd</Extensions>
    </Filter>
    <Filter Include="Resource Files">
      <UniqueIdentifier>{67DA6AB6-F800-4c08-8B7A-83BB121AAD01}</UniqueIdentifier>
      <Extensions>rc;ico;cur;bmp;dlg;rc2;rct;bin;rgs;gif;jpg;jpeg;jpe;resx;tiff;tif;png;wav;mfcribbon-ms</Extensions>
    </Filter>
  </ItemGroup>
  <ItemGroup>
    <Text Include="ReadMe.txt" />
  </ItemGroup>
  <ItemGroup>
    <ClInclude Include="H\Accessor.h">
      <Filter>Header Files</Filter>
    </ClInclude>
    <ClInclude Include="H\ArrayList.h">
      <Filter>Header Files</Filter>
    </ClInclude>
    <ClInclude Include="H\AvlTree.h">
      <Filter>Header Files</Filter>
    </ClInclude>
    <ClInclude Include="H\Base64Decoder.h">
      <Filter>Header Files</Filter>
    </ClInclude>
    <ClInclude Include="H\Base64Encoder.h">
      <Filter>Header Files</Filter>
    </ClInclude>
    <ClInclude Include="H\ByteBuffer.h">
      <Filter>Header Files</Filter>
    </ClInclude>
    <ClInclude Include="H\CircularBucket.h">
      <Filter>Header Files</Filter>
    </ClInclude>
    <ClInclude Include="H\CircularBuffer.h">
      <Filter>Header Files</Filter>
    </ClInclude>
    <ClInclude Include="H\Common.h">
      <Filter>Header Files</Filter>
    </ClInclude>
    <ClInclude Include="H\DateTime.h">
      <Filter>Header Files</Filter>
    </ClInclude>
    <ClInclude Include="H\Dictionary.h">
      <Filter>Header Files</Filter>
    </ClInclude>
    <ClInclude Include="H\HashMap.h">
      <Filter>Header Files</Filter>
    </ClInclude>
    <ClInclude Include="H\Integer.h">
      <Filter>Header Files</Filter>
    </ClInclude>
    <ClInclude Include="H\List.h">
      <Filter>Header Files</Filter>
    </ClInclude>
    <ClInclude Include="H\Logger.h">
      <Filter>Header Files</Filter>
    </ClInclude>
    <ClInclude Include="H\Misc.h">
      <Filter>Header Files</Filter>
    </ClInclude>
    <ClInclude Include="H\ModuleReg.h">
      <Filter>Header Files</Filter>
    </ClInclude>
    <ClInclude Include="H\Mutex.h">
      <Filter>Header Files</Filter>
    </ClInclude>
    <ClInclude Include="H\NamedMsgPipe.h">
      <Filter>Header Files</Filter>
    </ClInclude>
    <ClInclude Include="H\NamedMsgRing.h">
      <Filter>Header Files</Filter>
    </ClInclude>
    <ClInclude Include="H\NamedStreamPipe.h">
      <Filter>Header Files</Filter>
    </ClInclude>
    <ClInclude Include="H\NetLogger.h">
      <Filter>Header Files</Filter>
    </ClInclude>
    <ClInclude Include="H\NtpTime.h">
      <Filter>Header Files</Filter>
    </ClInclude>
    <ClInclude Include="H\Platform.h">
      <Filter>Header Files</Filter>
    </ClInclude>
    <ClInclude Include="H\Property.h">
      <Filter>Header Files</Filter>
    </ClInclude>
    <ClInclude Include="H\Queue.h">
      <Filter>Header Files</Filter>
    </ClInclude>
    <ClInclude Include="H\ReEntrantMutex.h">
      <Filter>Header Files</Filter>
    </ClInclude>
    <ClInclude Include="H\RingBucket.h">
      <Filter>Header Files</Filter>
    </ClInclude>
    <ClInclude Include="H\Runnable.h">
      <Filter>Header Files</Filter>
    </ClInclude>
    <ClInclude Include="H\Semaphore.h">
      <Filter>Header Files</Filter>
    </ClInclude>
    <ClInclude Include="H\ShareMemory.h">
      <Filter>Header Files</Filter>
    </ClInclude>
    <ClInclude Include="H\StringBuffer.h">
      <Filter>Header Files</Filter>
    </ClInclude>
    <ClInclude Include="H\StringList.h">
      <Filter>Header Files</Filter>
    </ClInclude>
    <ClInclude Include="H\StringMap.h">
      <Filter>Header Files</Filter>
    </ClInclude>
    <ClInclude Include="H\Strings.h">
      <Filter>Header Files</Filter>
    </ClInclude>
    <ClInclude Include="H\StringTokenizer.h">
      <Filter>Header Files</Filter>
    </ClInclude>
    <ClInclude Include="H\SysLog.h">
      <Filter>Header Files</Filter>
    </ClInclude>
    <ClInclude Include="H\Thread.h">
      <Filter>Header Files</Filter>
    </ClInclude>
    <ClInclude Include="H\Timer.h">
      <Filter>Header Files</Filter>
    </ClInclude>
    <ClInclude Include="H\URI.h">
      <Filter>Header Files</Filter>
    </ClInclude>
    <ClInclude Include="H\URLCodec.h">
      <Filter>Header Files</Filter>
    </ClInclude>
    <ClInclude Include="H\UTF8.h">
      <Filter>Header Files</Filter>
    </ClInclude>
  </ItemGroup>
  <ItemGroup>
    <ClCompile Include="Utility.cpp">
      <Filter>Source Files</Filter>
    </ClCompile>
  </ItemGroup>
</Project>